
Microsoft Visual Studio Solution File, Format Version 12.00
# Visual Studio Version 17
VisualStudioVersion = 17.8.34205.153
MinimumVisualStudioVersion = 10.0.40219.1
Project("{2150E333-8FDC-42A3-9474-1A3956D46DE8}") = "01 - SRP", "01 - SRP", "{9DF03347-F661-4BD9-844A-FC5A9727857D}"
EndProject
Project("{2150E333-8FDC-42A3-9474-1A3956D46DE8}") = "02 - OCP", "02 - OCP", "{9D193D58-A31C-472B-A24D-E26B29BD1CF0}"
EndProject
Project("{2150E333-8FDC-42A3-9474-1A3956D46DE8}") = "03 - LSP", "03 - LSP", "{D307E4F7-122F-4253-899B-CA6292054001}"
EndProject
Project("{2150E333-8FDC-42A3-9474-1A3956D46DE8}") = "04 - ISP", "04 - ISP", "{4BF9EB39-8DCE-4CBB-ADE4-5DF85064EF8E}"
EndProject
Project("{2150E333-8FDC-42A3-9474-1A3956D46DE8}") = "05 - DIP", "05 - DIP", "{B19C06EA-5021-4AF9-90CA-7B1ED698FC2D}"
EndProject
Project("{2150E333-8FDC-42A3-9474-1A3956D46DE8}") = "Violation", "Violation", "{443E0ADC-C36D-48D0-B838-BBABD807F782}"
EndProject
Project("{2150E333-8FDC-42A3-9474-1A3956D46DE8}") = "Solution", "Solution", "{DA2815FC-F07E-4CD4-AE9E-F5BDC7F9F469}"
EndProject
Project("{2150E333-8FDC-42A3-9474-1A3956D46DE8}") = "Violation", "Violation", "{23B38DB7-AB14-41A7-9DBB-D0D0F53A7D65}"
EndProject
Project("{2150E333-8FDC-42A3-9474-1A3956D46DE8}") = "Solution", "Solution", "{18D7E3C7-F93D-4124-A99C-184B22E079E6}"
EndProject
Project("{2150E333-8FDC-42A3-9474-1A3956D46DE8}") = "Violation", "Violation", "{43C03E5E-248B-4BF4-9625-A51EBD1DEF52}"
EndProject
Project("{2150E333-8FDC-42A3-9474-1A3956D46DE8}") = "Solution", "Solution", "{B1F44283-9494-4DE5-847C-096F65428442}"
EndProject
Project("{2150E333-8FDC-42A3-9474-1A3956D46DE8}") = "Violation", "Violation", "{22943087-4747-4F59-A935-FC205B20D2AE}"
EndProject
Project("{2150E333-8FDC-42A3-9474-1A3956D46DE8}") = "Solution", "Solution", "{8CDB7E91-0F70-4A36-AF07-5F8D95BEDF99}"
EndProject
Project("{2150E333-8FDC-42A3-9474-1A3956D46DE8}") = "Violation", "Violation", "{96F500DE-7763-4101-9E2E-DEB124C26561}"
EndProject
Project("{2150E333-8FDC-42A3-9474-1A3956D46DE8}") = "Solution", "Solution", "{8E81F063-2EF1-458F-9C91-7893BB494FD8}"
EndProject
Project("{9A19103F-16F7-4668-BE54-9A1E7A4F7556}") = "Srp.Violation", "Srp.Violation\Srp.Violation.csproj", "{EF0C923D-F6B3-4606-8FB6-9B690BF25B52}"
EndProject
Project("{9A19103F-16F7-4668-BE54-9A1E7A4F7556}") = "Ocp.Violation", "Ocp.Violation\Ocp.Violation.csproj", "{864052B4-B77A-461B-BF6B-36F7CF092F17}"
EndProject
Project("{9A19103F-16F7-4668-BE54-9A1E7A4F7556}") = "LSP.Violation", "LSP.Violation\LSP.Violation.csproj", "{261B2215-E888-4AFF-AFC6-6A21D3A3DA6E}"
EndProject
Project("{9A19103F-16F7-4668-BE54-9A1E7A4F7556}") = "Isp.Violation", "Isp.Violation\Isp.Violation.csproj", "{070C91C0-EBF2-4DAF-8FC0-E0694DC3F253}"
EndProject
Project("{9A19103F-16F7-4668-BE54-9A1E7A4F7556}") = "Dip.Violation", "Dip.Violation\Dip.Violation.csproj", "{B985E7F8-8667-4FCD-B74A-25C532D80CB2}"
EndProject
Project("{9A19103F-16F7-4668-BE54-9A1E7A4F7556}") = "Srp.Solution", "Srp.Solution\Srp.Solution.csproj", "{CC945C85-7F1E-4F79-8D8E-3998FB7C8990}"
EndProject
Project("{9A19103F-16F7-4668-BE54-9A1E7A4F7556}") = "Ocp.Solution", "Ocp.Solution\Ocp.Solution.csproj", "{C1AC3FFB-3920-47A2-9BAC-3D9DBADC4665}"
EndProject
Project("{FAE04EC0-301F-11D3-BF4B-00C04F79EFBC}") = "Isp.Solution", "Isp.Solution\Isp.Solution.csproj", "{8E0C55BE-1D42-49E8-B021-209E65BBB5C1}"
EndProject
Project("{FAE04EC0-301F-11D3-BF4B-00C04F79EFBC}") = "Dip.Solution", "Dip.Solution\Dip.Solution.csproj", "{5658814A-7F6D-4BF4-AA5A-9B723B6D819A}"
EndProject
Project("{FAE04EC0-301F-11D3-BF4B-00C04F79EFBC}") = "Lsp.Solution", "Lsp.Solution\Lsp.Solution.csproj", "{31FC608F-2A13-4423-ACF6-43AC70B9D764}"
EndProject
Global
	GlobalSection(SolutionConfigurationPlatforms) = preSolution
		Debug|Any CPU = Debug|Any CPU
		Release|Any CPU = Release|Any CPU
	EndGlobalSection
	GlobalSection(ProjectConfigurationPlatforms) = postSolution
		{EF0C923D-F6B3-4606-8FB6-9B690BF25B52}.Debug|Any CPU.ActiveCfg = Debug|Any CPU
		{EF0C923D-F6B3-4606-8FB6-9B690BF25B52}.Debug|Any CPU.Build.0 = Debug|Any CPU
		{EF0C923D-F6B3-4606-8FB6-9B690BF25B52}.Release|Any CPU.ActiveCfg = Release|Any CPU
		{EF0C923D-F6B3-4606-8FB6-9B690BF25B52}.Release|Any CPU.Build.0 = Release|Any CPU
		{864052B4-B77A-461B-BF6B-36F7CF092F17}.Debug|Any CPU.ActiveCfg = Debug|Any CPU
		{864052B4-B77A-461B-BF6B-36F7CF092F17}.Debug|Any CPU.Build.0 = Debug|Any CPU
		{864052B4-B77A-461B-BF6B-36F7CF092F17}.Release|Any CPU.ActiveCfg = Release|Any CPU
		{864052B4-B77A-461B-BF6B-36F7CF092F17}.Release|Any CPU.Build.0 = Release|Any CPU
		{261B2215-E888-4AFF-AFC6-6A21D3A3DA6E}.Debug|Any CPU.ActiveCfg = Debug|Any CPU
		{261B2215-E888-4AFF-AFC6-6A21D3A3DA6E}.Debug|Any CPU.Build.0 = Debug|Any CPU
		{261B2215-E888-4AFF-AFC6-6A21D3A3DA6E}.Release|Any CPU.ActiveCfg = Release|Any CPU
		{261B2215-E888-4AFF-AFC6-6A21D3A3DA6E}.Release|Any CPU.Build.0 = Release|Any CPU
		{070C91C0-EBF2-4DAF-8FC0-E0694DC3F253}.Debug|Any CPU.ActiveCfg = Debug|Any CPU
		{070C91C0-EBF2-4DAF-8FC0-E0694DC3F253}.Debug|Any CPU.Build.0 = Debug|Any CPU
		{070C91C0-EBF2-4DAF-8FC0-E0694DC3F253}.Release|Any CPU.ActiveCfg = Release|Any CPU
		{070C91C0-EBF2-4DAF-8FC0-E0694DC3F253}.Release|Any CPU.Build.0 = Release|Any CPU
		{B985E7F8-8667-4FCD-B74A-25C532D80CB2}.Debug|Any CPU.ActiveCfg = Debug|Any CPU
		{B985E7F8-8667-4FCD-B74A-25C532D80CB2}.Debug|Any CPU.Build.0 = Debug|Any CPU
		{B985E7F8-8667-4FCD-B74A-25C532D80CB2}.Release|Any CPU.ActiveCfg = Release|Any CPU
		{B985E7F8-8667-4FCD-B74A-25C532D80CB2}.Release|Any CPU.Build.0 = Release|Any CPU
		{CC945C85-7F1E-4F79-8D8E-3998FB7C8990}.Debug|Any CPU.ActiveCfg = Debug|Any CPU
		{CC945C85-7F1E-4F79-8D8E-3998FB7C8990}.Debug|Any CPU.Build.0 = Debug|Any CPU
		{CC945C85-7F1E-4F79-8D8E-3998FB7C8990}.Release|Any CPU.ActiveCfg = Release|Any CPU
		{CC945C85-7F1E-4F79-8D8E-3998FB7C8990}.Release|Any CPU.Build.0 = Release|Any CPU
		{C1AC3FFB-3920-47A2-9BAC-3D9DBADC4665}.Debug|Any CPU.ActiveCfg = Debug|Any CPU
		{C1AC3FFB-3920-47A2-9BAC-3D9DBADC4665}.Debug|Any CPU.Build.0 = Debug|Any CPU
		{C1AC3FFB-3920-47A2-9BAC-3D9DBADC4665}.Release|Any CPU.ActiveCfg = Release|Any CPU
		{C1AC3FFB-3920-47A2-9BAC-3D9DBADC4665}.Release|Any CPU.Build.0 = Release|Any CPU
		{8E0C55BE-1D42-49E8-B021-209E65BBB5C1}.Debug|Any CPU.ActiveCfg = Debug|Any CPU
		{8E0C55BE-1D42-49E8-B021-209E65BBB5C1}.Debug|Any CPU.Build.0 = Debug|Any CPU
		{8E0C55BE-1D42-49E8-B021-209E65BBB5C1}.Release|Any CPU.ActiveCfg = Release|Any CPU
		{8E0C55BE-1D42-49E8-B021-209E65BBB5C1}.Release|Any CPU.Build.0 = Release|Any CPU
		{5658814A-7F6D-4BF4-AA5A-9B723B6D819A}.Debug|Any CPU.ActiveCfg = Debug|Any CPU
		{5658814A-7F6D-4BF4-AA5A-9B723B6D819A}.Debug|Any CPU.Build.0 = Debug|Any CPU
		{5658814A-7F6D-4BF4-AA5A-9B723B6D819A}.Release|Any CPU.ActiveCfg = Release|Any CPU
		{5658814A-7F6D-4BF4-AA5A-9B723B6D819A}.Release|Any CPU.Build.0 = Release|Any CPU
		{31FC608F-2A13-4423-ACF6-43AC70B9D764}.Debug|Any CPU.ActiveCfg = Debug|Any CPU
		{31FC608F-2A13-4423-ACF6-43AC70B9D764}.Debug|Any CPU.Build.0 = Debug|Any CPU
		{31FC608F-2A13-4423-ACF6-43AC70B9D764}.Release|Any CPU.ActiveCfg = Release|Any CPU
		{31FC608F-2A13-4423-ACF6-43AC70B9D764}.Release|Any CPU.Build.0 = Release|Any CPU
	EndGlobalSection
	GlobalSection(SolutionProperties) = preSolution
		HideSolutionNode = FALSE
	EndGlobalSection
	GlobalSection(NestedProjects) = preSolution
		{443E0ADC-C36D-48D0-B838-BBABD807F782} = {9DF03347-F661-4BD9-844A-FC5A9727857D}
		{DA2815FC-F07E-4CD4-AE9E-F5BDC7F9F469} = {9DF03347-F661-4BD9-844A-FC5A9727857D}
		{23B38DB7-AB14-41A7-9DBB-D0D0F53A7D65} = {9D193D58-A31C-472B-A24D-E26B29BD1CF0}
		{18D7E3C7-F93D-4124-A99C-184B22E079E6} = {9D193D58-A31C-472B-A24D-E26B29BD1CF0}
		{43C03E5E-248B-4BF4-9625-A51EBD1DEF52} = {D307E4F7-122F-4253-899B-CA6292054001}
		{B1F44283-9494-4DE5-847C-096F65428442} = {D307E4F7-122F-4253-899B-CA6292054001}
		{22943087-4747-4F59-A935-FC205B20D2AE} = {4BF9EB39-8DCE-4CBB-ADE4-5DF85064EF8E}
		{8CDB7E91-0F70-4A36-AF07-5F8D95BEDF99} = {4BF9EB39-8DCE-4CBB-ADE4-5DF85064EF8E}
		{96F500DE-7763-4101-9E2E-DEB124C26561} = {B19C06EA-5021-4AF9-90CA-7B1ED698FC2D}
		{8E81F063-2EF1-458F-9C91-7893BB494FD8} = {B19C06EA-5021-4AF9-90CA-7B1ED698FC2D}
		{EF0C923D-F6B3-4606-8FB6-9B690BF25B52} = {443E0ADC-C36D-48D0-B838-BBABD807F782}
		{864052B4-B77A-461B-BF6B-36F7CF092F17} = {23B38DB7-AB14-41A7-9DBB-D0D0F53A7D65}
		{261B2215-E888-4AFF-AFC6-6A21D3A3DA6E} = {43C03E5E-248B-4BF4-9625-A51EBD1DEF52}
		{070C91C0-EBF2-4DAF-8FC0-E0694DC3F253} = {22943087-4747-4F59-A935-FC205B20D2AE}
		{B985E7F8-8667-4FCD-B74A-25C532D80CB2} = {96F500DE-7763-4101-9E2E-DEB124C26561}
		{CC945C85-7F1E-4F79-8D8E-3998FB7C8990} = {DA2815FC-F07E-4CD4-AE9E-F5BDC7F9F469}
		{C1AC3FFB-3920-47A2-9BAC-3D9DBADC4665} = {18D7E3C7-F93D-4124-A99C-184B22E079E6}
		{8E0C55BE-1D42-49E8-B021-209E65BBB5C1} = {8CDB7E91-0F70-4A36-AF07-5F8D95BEDF99}
		{5658814A-7F6D-4BF4-AA5A-9B723B6D819A} = {8E81F063-2EF1-458F-9C91-7893BB494FD8}
		{31FC608F-2A13-4423-ACF6-43AC70B9D764} = {B1F44283-9494-4DE5-847C-096F65428442}
	EndGlobalSection
	GlobalSection(ExtensibilityGlobals) = postSolution
		SolutionGuid = {039BADC4-9288-47B9-9679-CA65E8A416B9}
	EndGlobalSection
EndGlobal
